// !$*UTF8*$!
{
	archiveVersion = 1;
	classes = {
	};
	objectVersion = 46;
	objects = {

/* Begin PBXBuildFile section */
		8FCF1B6E1A6F534E0060B9F6 /* main.m in Sources */ = {isa = PBXBuildFile; fileRef = 8FCF1B6D1A6F534E0060B9F6 /* main.m */; };
		8FCF1B711A6F534E0060B9F6 /* AppDelegate.m in Sources */ = {isa = PBXBuildFile; fileRef = 8FCF1B701A6F534E0060B9F6 /* AppDelegate.m */; };
		8FCF1B741A6F534E0060B9F6 /* ViewController.m in Sources */ = {isa = PBXBuildFile; fileRef = 8FCF1B731A6F534E0060B9F6 /* ViewController.m */; };
		8FCF1B771A6F534E0060B9F6 /* Main.storyboard in Resources */ = {isa = PBXBuildFile; fileRef = 8FCF1B751A6F534E0060B9F6 /* Main.storyboard */; };
		8FCF1B791A6F534E0060B9F6 /* Images.xcassets in Resources */ = {isa = PBXBuildFile; fileRef = 8FCF1B781A6F534E0060B9F6 /* Images.xcassets */; };
		8FCF1B7C1A6F534E0060B9F6 /* LaunchScreen.xib in Resources */ = {isa = PBXBuildFile; fileRef = 8FCF1B7A1A6F534E0060B9F6 /* LaunchScreen.xib */; };
		8FCF1B881A6F534E0060B9F6 /* PianoPushPlayTests.m in Sources */ = {isa = PBXBuildFile; fileRef = 8FCF1B871A6F534E0060B9F6 /* PianoPushPlayTests.m */; };
/* End PBXBuildFile section */

/* Begin PBXContainerItemProxy section */
		8FCF1B821A6F534E0060B9F6 /* PBXContainerItemProxy */ = {
			isa = PBXContainerItemProxy;
			containerPortal = 8FCF1B601A6F534D0060B9F6 /* Project object */;
			proxyType = 1;
			remoteGlobalIDString = 8FCF1B671A6F534D0060B9F6;
			remoteInfo = PianoPushPlay;
		};
/* End PBXContainerItemProxy section */

/* Begin PBXFileReference section */
		8FCF1B681A6F534D0060B9F6 /* PianoPushPlay.app */ = {isa = PBXFileReference; explicitFileType = wrapper.application; includeInIndex = 0; path = PianoPushPlay.app; sourceTree = BUILT_PRODUCTS_DIR; };
		8FCF1B6C1A6F534D0060B9F6 /* Info.plist */ = {isa = PBXFileReference; lastKnownFileType = text.plist.xml; path = Info.plist; sourceTree = "<group>"; };
		8FCF1B6D1A6F534E0060B9F6 /* main.m */ = {isa = PBXFileReference; lastKnownFileType = sourcecode.c.objc; path = main.m; sourceTree = "<group>"; };
		8FCF1B6F1A6F534E0060B9F6 /* AppDelegate.h */ = {isa = PBXFileReference; lastKnownFileType = sourcecode.c.h; path = AppDelegate.h; sourceTree = "<group>"; };
		8FCF1B701A6F534E0060B9F6 /* AppDelegate.m */ = {isa = PBXFileReference; lastKnownFileType = sourcecode.c.objc; path = AppDelegate.m; sourceTree = "<group>"; };
		8FCF1B721A6F534E0060B9F6 /* ViewController.h */ = {isa = PBXFileReference; lastKnownFileType = sourcecode.c.h; path = ViewController.h; sourceTree = "<group>"; };
		8FCF1B731A6F534E0060B9F6 /* ViewController.m */ = {isa = PBXFileReference; lastKnownFileType = sourcecode.c.objc; path = ViewController.m; sourceTree = "<group>"; };
		8FCF1B761A6F534E0060B9F6 /* Base */ = {isa = PBXFileReference; lastKnownFileType = file.storyboard; name = Base; path = Base.lproj/Main.storyboard; sourceTree = "<group>"; };
		8FCF1B781A6F534E0060B9F6 /* Images.xcassets */ = {isa = PBXFileReference; lastKnownFileType = folder.assetcatalog; path = Images.xcassets; sourceTree = "<group>"; };
		8FCF1B7B1A6F534E0060B9F6 /* Base */ = {isa = PBXFileReference; lastKnownFileType = file.xib; name = Base; path = Base.lproj/LaunchScreen.xib; sourceTree = "<group>"; };
		8FCF1B811A6F534E0060B9F6 /* PianoPushPlayTests.xctest */ = {isa = PBXFileReference; explicitFileType = wrapper.cfbundle; includeInIndex = 0; path = PianoPushPlayTests.xctest; sourceTree = BUILT_PRODUCTS_DIR; };
		8FCF1B861A6F534E0060B9F6 /* Info.plist */ = {isa = PBXFileReference; lastKnownFileType = text.plist.xml; path = Info.plist; sourceTree = "<group>"; };
		8FCF1B871A6F534E0060B9F6 /* PianoPushPlayTests.m */ = {isa = PBXFileReference; lastKnownFileType = sourcecode.c.objc; path = PianoPushPlayTests.m; sourceTree = "<group>"; };
/* End PBXFileReference section */

/* Begin PBXFrameworksBuildPhase section */
		8FCF1B651A6F534D0060B9F6 /* Frameworks */ = {
			isa = PBXFrameworksBuildPhase;
			buildActionMask = 2147483647;
			files = (
			);
			runOnlyForDeploymentPostprocessing = 0;
		};
		8FCF1B7E1A6F534E0060B9F6 /* Frameworks */ = {
			isa = PBXFrameworksBuildPhase;
			buildActionMask = 2147483647;
			files = (
			);
			runOnlyForDeploymentPostprocessing = 0;
		};
/* End PBXFrameworksBuildPhase section */

/* Begin PBXGroup section */
		8FCF1B5F1A6F534D0060B9F6 = {
			isa = PBXGroup;
			children = (
				8FCF1B6A1A6F534D0060B9F6 /* PianoPushPlay */,
				8FCF1B841A6F534E0060B9F6 /* PianoPushPlayTests */,
				8FCF1B691A6F534D0060B9F6 /* Products */,
			);
			sourceTree = "<group>";
		};
		8FCF1B691A6F534D0060B9F6 /* Products */ = {
			isa = PBXGroup;
			children = (
				8FCF1B681A6F534D0060B9F6 /* PianoPushPlay.app */,
				8FCF1B811A6F534E0060B9F6 /* PianoPushPlayTests.xctest */,
			);
			name = Products;
			sourceTree = "<group>";
		};
		8FCF1B6A1A6F534D0060B9F6 /* PianoPushPlay */ = {
			isa = PBXGroup;
			children = (
				8FCF1B6F1A6F534E0060B9F6 /* AppDelegate.h */,
				8FCF1B701A6F534E0060B9F6 /* AppDelegate.m */,
				8FCF1B721A6F534E0060B9F6 /* ViewController.h */,
				8FCF1B731A6F534E0060B9F6 /* ViewController.m */,
				8FCF1B751A6F534E0060B9F6 /* Main.storyboard */,
				8FCF1B781A6F534E0060B9F6 /* Images.xcassets */,
				8FCF1B7A1A6F534E0060B9F6 /* LaunchScreen.xib */,
				8FCF1B6B1A6F534D0060B9F6 /* Supporting Files */,
			);
			path = PianoPushPlay;
			sourceTree = "<group>";
		};
		8FCF1B6B1A6F534D0060B9F6 /* Supporting Files */ = {
			isa = PBXGroup;
			children = (
				8FCF1B6C1A6F534D0060B9F6 /* Info.plist */,
				8FCF1B6D1A6F534E0060B9F6 /* main.m */,
			);
			name = "Supporting Files";
			sourceTree = "<group>";
		};
		8FCF1B841A6F534E0060B9F6 /* PianoPushPlayTests */ = {
			isa = PBXGroup;
			children = (
				8FCF1B871A6F534E0060B9F6 /* PianoPushPlayTests.m */,
				8FCF1B851A6F534E0060B9F6 /* Supporting Files */,
			);
			path = PianoPushPlayTests;
			sourceTree = "<group>";
		};
		8FCF1B851A6F534E0060B9F6 /* Supporting Files */ = {
			isa = PBXGroup;
			children = (
				8FCF1B861A6F534E0060B9F6 /* Info.plist */,
			);
			name = "Supporting Files";
			sourceTree = "<group>";
		};
/* End PBXGroup section */

/* Begin PBXNativeTarget section */
		8FCF1B671A6F534D0060B9F6 /* PianoPushPlay */ = {
			isa = PBXNativeTarget;
			buildConfigurationList = 8FCF1B8B1A6F534E0060B9F6 /* Build configuration list for PBXNativeTarget "PianoPushPlay" */;
			buildPhases = (
				8FCF1B641A6F534D0060B9F6 /* Sources */,
				8FCF1B651A6F534D0060B9F6 /* Frameworks */,
				8FCF1B661A6F534D0060B9F6 /* Resources */,
			);
			buildRules = (
			);
			dependencies = (
			);
			name = PianoPushPlay;
			productName = PianoPushPlay;
			productReference = 8FCF1B681A6F534D0060B9F6 /* PianoPushPlay.app */;
			productType = "com.apple.product-type.application";
		};
		8FCF1B801A6F534E0060B9F6 /* PianoPushPlayTests */ = {
			isa = PBXNativeTarget;
			buildConfigurationList = 8FCF1B8E1A6F534E0060B9F6 /* Build configuration list for PBXNativeTarget "PianoPushPlayTests" */;
			buildPhases = (
				8FCF1B7D1A6F534E0060B9F6 /* Sources */,
				8FCF1B7E1A6F534E0060B9F6 /* Frameworks */,
				8FCF1B7F1A6F534E0060B9F6 /* Resources */,
			);
			buildRules = (
			);
			dependencies = (
				8FCF1B831A6F534E0060B9F6 /* PBXTargetDependency */,
			);
			name = PianoPushPlayTests;
			productName = PianoPushPlayTests;
			productReference = 8FCF1B811A6F534E0060B9F6 /* PianoPushPlayTests.xctest */;
			productType = "com.apple.product-type.bundle.unit-test";
		};
/* End PBXNativeTarget section */

/* Begin PBXProject section */
		8FCF1B601A6F534D0060B9F6 /* Project object */ = {
			isa = PBXProject;
			attributes = {
				LastUpgradeCheck = 0610;
				ORGANIZATIONNAME = "James Stiehl";
				TargetAttributes = {
					8FCF1B671A6F534D0060B9F6 = {
						CreatedOnToolsVersion = 6.1.1;
					};
					8FCF1B801A6F534E0060B9F6 = {
						CreatedOnToolsVersion = 6.1.1;
						TestTargetID = 8FCF1B671A6F534D0060B9F6;
					};
				};
			};
			buildConfigurationList = 8FCF1B631A6F534D0060B9F6 /* Build configuration list for PBXProject "PianoPushPlay" */;
			compatibilityVersion = "Xcode 3.2";
			developmentRegion = English;
			hasScannedForEncodings = 0;
			knownRegions = (
				en,
				Base,
			);
			mainGroup = 8FCF1B5F1A6F534D0060B9F6;
			productRefGroup = 8FCF1B691A6F534D0060B9F6 /* Products */;
			projectDirPath = "";
			projectRoot = "";
			targets = (
				8FCF1B671A6F534D0060B9F6 /* PianoPushPlay */,
				8FCF1B801A6F534E0060B9F6 /* PianoPushPlayTests */,
			);
		};
/* End PBXProject section */

/* Begin PBXResourcesBuildPhase section */
		8FCF1B661A6F534D0060B9F6 /* Resources */ = {
			isa = PBXResourcesBuildPhase;
			buildActionMask = 2147483647;
			files = (
				8FCF1B771A6F534E0060B9F6 /* Main.storyboard in Resources */,
				8FCF1B7C1A6F534E0060B9F6 /* LaunchScreen.xib in Resources */,
				8FCF1B791A6F534E0060B9F6 /* Images.xcassets in Resources */,
			);
			runOnlyForDeploymentPostprocessing = 0;
		};
		8FCF1B7F1A6F534E0060B9F6 /* Resources */ = {
			isa = PBXResourcesBuildPhase;
			buildActionMask = 2147483647;
			files = (
			);
			runOnlyForDeploymentPostprocessing = 0;
		};
/* End PBXResourcesBuildPhase section */

/* Begin PBXSourcesBuildPhase section */
		8FCF1B641A6F534D0060B9F6 /* Sources */ = {
			isa = PBXSourcesBuildPhase;
			buildActionMask = 2147483647;
			files = (
				8FCF1B741A6F534E0060B9F6 /* ViewController.m in Sources */,
				8FCF1B711A6F534E0060B9F6 /* AppDelegate.m in Sources */,
				8FCF1B6E1A6F534E0060B9F6 /* main.m in Sources */,
			);
			runOnlyForDeploymentPostprocessing = 0;
		};
		8FCF1B7D1A6F534E0060B9F6 /* Sources */ = {
			isa = PBXSourcesBuildPhase;
			buildActionMask = 2147483647;
			files = (
				8FCF1B881A6F534E0060B9F6 /* PianoPushPlayTests.m in Sources */,
			);
			runOnlyForDeploymentPostprocessing = 0;
		};
/* End PBXSourcesBuildPhase section */

/* Begin PBXTargetDependency section */
		8FCF1B831A6F534E0060B9F6 /* PBXTargetDependency */ = {
			isa = PBXTargetDependency;
			target = 8FCF1B671A6F534D0060B9F6 /* PianoPushPlay */;
			targetProxy = 8FCF1B821A6F534E0060B9F6 /* PBXContainerItemProxy */;
		};
/* End PBXTargetDependency section */

/* Begin PBXVariantGroup section */
		8FCF1B751A6F534E0060B9F6 /* Main.storyboard */ = {
			isa = PBXVariantGroup;
			children = (
				8FCF1B761A6F534E0060B9F6 /* Base */,
			);
			name = Main.storyboard;
			sourceTree = "<group>";
		};
		8FCF1B7A1A6F534E0060B9F6 /* LaunchScreen.xib */ = {
			isa = PBXVariantGroup;
			children = (
				8FCF1B7B1A6F534E0060B9F6 /* Base */,
			);
			name = LaunchScreen.xib;
			sourceTree = "<group>";
		};
/* End PBXVariantGroup section */

/* Begin XCBuildConfiguration section */
		8FCF1B891A6F534E0060B9F6 /* Debug */ = {
			isa = XCBuildConfiguration;
			buildSettings = {
				ALWAYS_SEARCH_USER_PATHS = NO;
				CLANG_CXX_LANGUAGE_STANDARD = "gnu++0x";
				CLANG_CXX_LIBRARY = "libc++";
				CLANG_ENABLE_MODULES = YES;
				CLANG_ENABLE_OBJC_ARC = YES;
				CLANG_WARN_BOOL_CONVERSION = YES;
				CLANG_WARN_CONSTANT_CONVERSION = YES;
				CLANG_WARN_DIRECT_OBJC_ISA_USAGE = YES_ERROR;
				CLANG_WARN_EMPTY_BODY = YES;
				CLANG_WARN_ENUM_CONVERSION = YES;
				CLANG_WARN_INT_CONVERSION = YES;
				CLANG_WARN_OBJC_ROOT_CLASS = YES_ERROR;
				CLANG_WARN_UNREACHABLE_CODE = YES;
				CLANG_WARN__DUPLICATE_METHOD_MATCH = YES;
				"CODE_SIGN_IDENTITY[sdk=iphoneos*]" = "iPhone Developer";
				COPY_PHASE_STRIP = NO;
				ENABLE_STRICT_OBJC_MSGSEND = YES;
				GCC_C_LANGUAGE_STANDARD = gnu99;
				GCC_DYNAMIC_NO_PIC = NO;
				GCC_OPTIMIZATION_LEVEL = 0;
				GCC_PREPROCESSOR_DEFINITIONS = (
					"DEBUG=1",
					"$(inherited)",
				);
				GCC_SYMBOLS_PRIVATE_EXTERN = NO;
				GCC_WARN_64_TO_32_BIT_CONVERSION = YES;
				GCC_WARN_ABOUT_RETURN_TYPE = YES_ERROR;
				GCC_WARN_UNDECLARED_SELECTOR = YES;
				GCC_WARN_UNINITIALIZED_AUTOS = YES_AGGRESSIVE;
				GCC_WARN_UNUSED_FUNCTION = YES;
				GCC_WARN_UNUSED_VARIABLE = YES;
				IPHONEOS_DEPLOYMENT_TARGET = 8.1;
				MTL_ENABLE_DEBUG_INFO = YES;
				ONLY_ACTIVE_ARCH = YES;
				SDKROOT = iphoneos;
			};
			name = Debug;
		};
		8FCF1B8A1A6F534E0060B9F6 /* Release */ = {
			isa = XCBuildConfiguration;
			buildSettings = {
				ALWAYS_SEARCH_USER_PATHS = NO;
				CLANG_CXX_LANGUAGE_STANDARD = "gnu++0x";
				CLANG_CXX_LIBRARY = "libc++";
				CLANG_ENABLE_MODULES = YES;
				CLANG_ENABLE_OBJC_ARC = YES;
				CLANG_WARN_BOOL_CONVERSION = YES;
				CLANG_WARN_CONSTANT_CONVERSION = YES;
				CLANG_WARN_DIRECT_OBJC_ISA_USAGE = YES_ERROR;
				CLANG_WARN_EMPTY_BODY = YES;
				CLANG_WARN_ENUM_CONVERSION = YES;
				CLANG_WARN_INT_CONVERSION = YES;
				CLANG_WARN_OBJC_ROOT_CLASS = YES_ERROR;
				CLANG_WARN_UNREACHABLE_CODE = YES;
				CLANG_WARN__DUPLICATE_METHOD_MATCH = YES;
				"CODE_SIGN_IDENTITY[sdk=iphoneos*]" = "iPhone Developer";
				COPY_PHASE_STRIP = YES;
				ENABLE_NS_ASSERTIONS = NO;
				ENABLE_STRICT_OBJC_MSGSEND = YES;
				GCC_C_LANGUAGE_STANDARD = gnu99;
				GCC_WARN_64_TO_32_BIT_CONVERSION = YES;
				GCC_WARN_ABOUT_RETURN_TYPE = YES_ERROR;
				GCC_WARN_UNDECLARED_SELECTOR = YES;
				GCC_WARN_UNINITIALIZED_AUTOS = YES_AGGRESSIVE;
				GCC_WARN_UNUSED_FUNCTION = YES;
				GCC_WARN_UNUSED_VARIABLE = YES;
				IPHONEOS_DEPLOYMENT_TARGET = 8.1;
				MTL_ENABLE_DEBUG_INFO = NO;
				SDKROOT = iphoneos;
				VALIDATE_PRODUCT = YES;
			};
			name = Release;
		};
		8FCF1B8C1A6F534E0060B9F6 /* Debug */ = {
			isa = XCBuildConfiguration;
			buildSettings = {
				ASSETCATALOG_COMPILER_APPICON_NAME = AppIcon;
				INFOPLIST_FILE = PianoPushPlay/Info.plist;
				LD_RUNPATH_SEARCH_PATHS = "$(inherited) @executable_path/Frameworks";
				PRODUCT_NAME = "$(TARGET_NAME)";
			};
			name = Debug;
		};
		8FCF1B8D1A6F534E0060B9F6 /* Release */ = {
			isa = XCBuildConfiguration;
			buildSettings = {
				ASSETCATALOG_COMPILER_APPICON_NAME = AppIcon;
				INFOPLIST_FILE = PianoPushPlay/Info.plist;
				LD_RUNPATH_SEARCH_PATHS = "$(inherited) @executable_path/Frameworks";
				PRODUCT_NAME = "$(TARGET_NAME)";
			};
			name = Release;
		};
		8FCF1B8F1A6F534E0060B9F6 /* Debug */ = {
			isa = XCBuildConfiguration;
			buildSettings = {
				BUNDLE_LOADER = "$(TEST_HOST)";
				FRAMEWORK_SEARCH_PATHS = (
					"$(SDKROOT)/Developer/Library/Frameworks",
					"$(inherited)",
				);
				GCC_PREPROCESSOR_DEFINITIONS = (
					"DEBUG=1",
					"$(inherited)",
				);
				INFOPLIST_FILE = PianoPushPlayTests/Info.plist;
				LD_RUNPATH_SEARCH_PATHS = "$(inherited) @executable_path/Frameworks @loader_path/Frameworks";
				PRODUCT_NAME = "$(TARGET_NAME)";
				TEST_HOST = "$(BUILT_PRODUCTS_DIR)/PianoPushPlay.app/PianoPushPlay";
			};
			name = Debug;
		};
		8FCF1B901A6F534E0060B9F6 /* Release */ = {
			isa = XCBuildConfiguration;
			buildSettings = {
				BUNDLE_LOADER = "$(TEST_HOST)";
				FRAMEWORK_SEARCH_PATHS = (
					"$(SDKROOT)/Developer/Library/Frameworks",
					"$(inherited)",
				);
				INFOPLIST_FILE = PianoPushPlayTests/Info.plist;
				LD_RUNPATH_SEARCH_PATHS = "$(inherited) @executable_path/Frameworks @loader_path/Frameworks";
				PRODUCT_NAME = "$(TARGET_NAME)";
				TEST_HOST = "$(BUILT_PRODUCTS_DIR)/PianoPushPlay.app/PianoPushPlay";
			};
			name = Release;
		};
/* End XCBuildConfiguration section */

/* Begin XCConfigurationList section */
		8FCF1B631A6F534D0060B9F6 /* Build configuration list for PBXProject "PianoPushPlay" */ = {
			isa = XCConfigurationList;
			buildConfigurations = (
				8FCF1B891A6F534E0060B9F6 /* Debug */,
				8FCF1B8A1A6F534E0060B9F6 /* Release */,
			);
			defaultConfigurationIsVisible = 0;
			defaultConfigurationName = Release;
		};
		8FCF1B8B1A6F534E0060B9F6 /* Build configuration list for PBXNativeTarget "PianoPushPlay" */ = {
			isa = XCConfigurationList;
			buildConfigurations = (
				8FCF1B8C1A6F534E0060B9F6 /* Debug */,
				8FCF1B8D1A6F534E0060B9F6 /* Release */,
			);
			defaultConfigurationIsVisible = 0;
		};
		8FCF1B8E1A6F534E0060B9F6 /* Build configuration list for PBXNativeTarget "PianoPushPlayTests" */ = {
			isa = XCConfigurationList;
			buildConfigurations = (
				8FCF1B8F1A6F534E0060B9F6 /* Debug */,
				8FCF1B901A6F534E0060B9F6 /* Release */,
			);
			defaultConfigurationIsVisible = 0;
		};
/* End XCConfigurationList section */
	};
	rootObject = 8FCF1B601A6F534D0060B9F6 /* Project object */;
}
